# THIS IS AN AUTOGENERATED FILE. DO NOT EDIT THIS FILE DIRECTLY.
# yarn lockfile v1


geolocation-utils@^1.2.2:
  version "1.2.2"
  resolved "https://registry.yarnpkg.com/geolocation-utils/-/geolocation-utils-1.2.2.tgz#0ef1ef04685f9d13e2b617c841521299ce14750e"
  integrity sha512-luRpIuJj1IoMu80ZmmlECyhhoFv31Ct9rIX6yUWWTp19F/R17DOi6Q2OSky2dZ5O/x7ZuyWmHs5h+TJuKeuWqA==
  dependencies:
    point-in-polygon "1.0.1"

node-fetch@^2.6.7:
  version "2.6.7"
  resolved "https://registry.yarnpkg.com/node-fetch/-/node-fetch-2.6.7.tgz#24de9fba827e3b4ae44dc8b20256a379160052ad"
  integrity sha512-ZjMPFEfVx5j+y2yF35Kzx5sF7kDzxuDj6ziH4FFbOp87zKDZNx8yExJIb05OGF4Nlt9IHFIMBkRl41VdvcNdbQ==
  dependencies:
    whatwg-url "^5.0.0"

point-in-polygon@1.0.1:
  version "1.0.1"
  resolved "https://registry.yarnpkg.com/point-in-polygon/-/point-in-polygon-1.0.1.tgz#d59b64e8fee41c49458aac82b56718c5957b2af7"
  integrity sha1-1Ztk6P7kHElFiqyCtWcYxZV7Kvc=

readline@^1.3.0:
  version "1.3.0"
  resolved "https://registry.yarnpkg.com/readline/-/readline-1.3.0.tgz#c580d77ef2cfc8752b132498060dc9793a7ac01c"
  integrity sha1-xYDXfvLPyHUrEySYBg3JeTp6wBw=

tr46@~0.0.3:
  version "0.0.3"
  resolved "https://registry.yarnpkg.com/tr46/-/tr46-0.0.3.tgz#8184fd347dac9cdc185992f3a6622e14b9d9ab6a"
  integrity sha512-N3WMsuqV66lT30CrXNbEjx4GEwlow3v6rr4mCcv6prnfwhS01rkgyFdjPNBYd9br7LpXV1+Emh01fHnq2Gdgrw==

webidl-conversions@^3.0.0:
  version "3.0.1"
  resolved "https://registry.yarnpkg.com/webidl-conversions/-/webidl-conversions-3.0.1.tgz#24534275e2a7bc6be7bc86611cc16ae0a5654871"
  integrity sha512-2JAn3z8AR6rjK8Sm8orRC0h/bcl/DqL7tRPdGZ4I1CjdF+EaMLmYxBHyXuKL849eucPFhvBoxMsflfOb8kxaeQ==

whatwg-url@^5.0.0:
  version "5.0.0"
  resolved "https://registry.yarnpkg.com/whatwg-url/-/whatwg-url-5.0.0.tgz#966454e8765462e37644d3626f6742ce8b70965d"
  integrity sha512-saE57nupxk6v3HY35+jzBwYa0rKSy0XR8JSxZPwgLr7ys0IBzhGviA1/TUGJLmSVqs8pb9AnvICXEuOHLprYTw==
  dependencies:
    tr46 "~0.0.3"
    webidl-conversions "^3.0.0"
